
Microsoft Visual Studio Solution File, Format Version 12.00
# Visual Studio Version 16
VisualStudioVersion = 16.0.32228.343
MinimumVisualStudioVersion = 10.0.40219.1
Project("{FAE04EC0-301F-11D3-BF4B-00C04F79EFBC}") = "Practica6_ListView.Android", "Practica6_ListView\Practica6_ListView.Android\Practica6_ListView.Android.csproj", "{9CA8D719-E7F7-440D-8147-5FF934194292}"
EndProject
Project("{FAE04EC0-301F-11D3-BF4B-00C04F79EFBC}") = "Practica6_ListView", "Practica6_ListView\Practica6_ListView\Practica6_ListView.csproj", "{39C6369D-7360-4E4E-A6A0-8DF5EAD989EB}"
EndProject
Global
	GlobalSection(SolutionConfigurationPlatforms) = preSolution
		Debug|Any CPU = Debug|Any CPU
		Release|Any CPU = Release|Any CPU
	EndGlobalSection
	GlobalSection(ProjectConfigurationPlatforms) = postSolution
		{9CA8D719-E7F7-440D-8147-5FF934194292}.Debug|Any CPU.ActiveCfg = Debug|Any CPU
		{9CA8D719-E7F7-440D-8147-5FF934194292}.Debug|Any CPU.Build.0 = Debug|Any CPU
		{9CA8D719-E7F7-440D-8147-5FF934194292}.Debug|Any CPU.Deploy.0 = Debug|Any CPU
		{9CA8D719-E7F7-440D-8147-5FF934194292}.Release|Any CPU.ActiveCfg = Release|Any CPU
		{9CA8D719-E7F7-440D-8147-5FF934194292}.Release|Any CPU.Build.0 = Release|Any CPU
		{9CA8D719-E7F7-440D-8147-5FF934194292}.Release|Any CPU.Deploy.0 = Release|Any CPU
		{39C6369D-7360-4E4E-A6A0-8DF5EAD989EB}.Debug|Any CPU.ActiveCfg = Debug|Any CPU
		{39C6369D-7360-4E4E-A6A0-8DF5EAD989EB}.Debug|Any CPU.Build.0 = Debug|Any CPU
		{39C6369D-7360-4E4E-A6A0-8DF5EAD989EB}.Debug|Any CPU.Deploy.0 = Debug|Any CPU
		{39C6369D-7360-4E4E-A6A0-8DF5EAD989EB}.Release|Any CPU.ActiveCfg = Release|Any CPU
		{39C6369D-7360-4E4E-A6A0-8DF5EAD989EB}.Release|Any CPU.Build.0 = Release|Any CPU
		{39C6369D-7360-4E4E-A6A0-8DF5EAD989EB}.Release|Any CPU.Deploy.0 = Release|Any CPU
	EndGlobalSection
	GlobalSection(SolutionProperties) = preSolution
		HideSolutionNode = FALSE
	EndGlobalSection
	GlobalSection(ExtensibilityGlobals) = postSolution
		SolutionGuid = {56B44EB4-604F-4438-892E-8B4BFA5880A2}
	EndGlobalSection
EndGlobal
